
Microsoft Visual Studio Solution File, Format Version 12.00
# Visual Studio Version 16
VisualStudioVersion = 16.0.29519.181
MinimumVisualStudioVersion = 10.0.40219.1
Project("{FAE04EC0-301F-11D3-BF4B-00C04F79EFBC}") = "TCloud.Web", "TCloud.Web\TCloud.Web.csproj", "{A5F5FC91-9C58-43F6-9350-16576329C9DD}"
EndProject
Project("{FAE04EC0-301F-11D3-BF4B-00C04F79EFBC}") = "TCloud.Api", "TCloud.Api\TCloud.Api.csproj", "{F4CB8FDB-4B11-426E-A4CF-20A22080786B}"
EndProject
Global
	GlobalSection(SolutionConfigurationPlatforms) = preSolution
		Debug|Any CPU = Debug|Any CPU
		Release|Any CPU = Release|Any CPU
	EndGlobalSection
	GlobalSection(ProjectConfigurationPlatforms) = postSolution
		{A5F5FC91-9C58-43F6-9350-16576329C9DD}.Debug|Any CPU.ActiveCfg = Debug|Any CPU
		{A5F5FC91-9C58-43F6-9350-16576329C9DD}.Debug|Any CPU.Build.0 = Debug|Any CPU
		{A5F5FC91-9C58-43F6-9350-16576329C9DD}.Release|Any CPU.ActiveCfg = Release|Any CPU
		{A5F5FC91-9C58-43F6-9350-16576329C9DD}.Release|Any CPU.Build.0 = Release|Any CPU
		{F4CB8FDB-4B11-426E-A4CF-20A22080786B}.Debug|Any CPU.ActiveCfg = Debug|Any CPU
		{F4CB8FDB-4B11-426E-A4CF-20A22080786B}.Debug|Any CPU.Build.0 = Debug|Any CPU
		{F4CB8FDB-4B11-426E-A4CF-20A22080786B}.Release|Any CPU.ActiveCfg = Release|Any CPU
		{F4CB8FDB-4B11-426E-A4CF-20A22080786B}.Release|Any CPU.Build.0 = Release|Any CPU
	EndGlobalSection
	GlobalSection(SolutionProperties) = preSolution
		HideSolutionNode = FALSE
	EndGlobalSection
	GlobalSection(ExtensibilityGlobals) = postSolution
		SolutionGuid = {51B5C0B8-38A1-450A-BB2C-FB5B058636D3}
	EndGlobalSection
EndGlobal
